github.com/aws/aws-lambda-go v1.30.0 h1:qelHgOUidrQmrfFTLiC7u6wWuuwBJ9yKcjVRkIy7834=
github.com/aws/aws-lambda-go v1.30.0/go.mod h1:IF5Q7wj4VyZyUFnZ54IQqeWtctHQ9tz+KhcbDenr220=
github.com/aws/aws-sdk-go v1.25.44 h1:n9ahFoiyn66smjF34hYr3tb6/ZdBcLuFz7BCDhHyJ7I=
github.com/aws/aws-sdk-go v1.25.44/go.mod h1:KmX6BPdI08NWTb3/sm4ZGu5ShLoqVDhKgpiN924inxo=
github.com/aws/aws-sdk-go-v2 v1.16.2 h1:fqlCk6Iy3bnCumtrLz9r3mJ/2gUT0pJ0wLFVIdWh+JA=
github.com/aws/aws-sdk-go-v2 v1.16.2/go.mod h1:ytwTPBG6fXTZLxxeeCCWj2/EMYp/xDUgX+OET6TLNNU=
github.com/aws/aws-sdk-go-v2/config v1.15.3 h1:5AlQD0jhVXlGzwo+VORKiUuogkG7pQcLJNzIzK7eodw=
github.com/aws/aws-sdk-go-v2/config v1.15.3/go.mod h1:9YL3v07Xc/ohTsxFXzan9ZpFpdTOFl4X65BAKYaz8jg=
github.com/aws/aws-sdk-go-v2/credentials v1.11.2 h1:RQQ5fzclAKJyY5TvF+fkjJEwzK4hnxQCLOu5JXzDmQo=
github.com/aws/aws-sdk-go-v2/credentials v1.11.2/go.mod h1:j8YsY9TXTm31k4eFhspiQicfXPLZ0gYXA50i4gxPE8g=
github.com/aws/aws-sdk-go-v2/feature/ec2/imds v1.12.3 h1:LWPg5zjHV9oz/myQr4wMs0gi4CjnDN/ILmyZUFYXZsU=
github.com/aws/aws-sdk-go-v2/feature/ec2/imds v1.12.3/go.mod h1:uk1vhHHERfSVCUnqSqz8O48LBYDSC+k6brng09jcMOk=
github.com/aws/aws-sdk-go-v2/internal/configsources v1.1.9 h1:onz/VaaxZ7Z4V+WIN9Txly9XLTmoOh1oJ8XcAC3pako=
github.com/aws/aws-sdk-go-v2/internal/configsources v1.1.9/go.mod h1:AnVH5pvai0pAF4lXRq0bmhbes1u9R8wTE+g+183bZNM=
github.com/aws/aws-sdk-go-v2/internal/endpoints/v2 v2.4.3 h1:9stUQR/u2KXU6HkFJYlqnZEjBnbgrVbG6I5HN09xZh0=
github.com/aws/aws-sdk-go-v2/internal/endpoints/v2 v2.4.3/go.mod h1:ssOhaLpRlh88H3UmEcsBoVKq309quMvm3Ds8e9d4eJM=
github.com/aws/aws-sdk-go-v2/internal/ini v1.3.10 h1:by9P+oy3P/CwggN4ClnW2D4oL91QV7pBzBICi1chZvQ=
github.com/aws/aws-sdk-go-v2/internal/ini v1.3.10/go.mod h1:8DcYQcz0+ZJaSxANlHIsbbi6S+zMwjwdDqwW3r9AzaE=
github.com/aws/aws-sdk-go-v2/service/internal/presigned-url v1.9.3 h1:Gh1Gpyh01Yvn7ilO/b/hr01WgNpaszfbKMUgqM186xQ=
github.com/aws/aws-sdk-go-v2/service/internal/presigned-url v1.9.3/go.mod h1:wlY6SVjuwvh3TVRpTqdy4I1JpBFLX4UGeKZdWntaocw=
github.com/aws/aws-sdk-go-v2/service/ssm v1.25.0 h1:ilk5rhbVCBWIgfRJ7PI/kGpWMeQGPxSQzAgmK7fwBSQ=
github.com/aws/aws-sdk-go-v2/service/ssm v1.25.0/go.mod h1:NR/xoKjdbRJ+qx0pMR4mI+N/H1I1ynHwXnO6FowXJc0=
github.com/aws/aws-sdk-go-v2/service/sso v1.11.3 h1:frW4ikGcxfAEDfmQqWgMLp+F1n4nRo9sF39OcIb5BkQ=
github.com/aws/aws-sdk-go-v2/service/sso v1.11.3/go.mod h1:7UQ/e69kU7LDPtY40OyoHYgRmgfGM4mgsLYtcObdveU=
github.com/aws/aws-sdk-go-v2/service/sts v1.16.3 h1:cJGRyzCSVwZC7zZZ1xbx9m32UnrKydRYhOvcD1NYP9Q=
github.com/aws/aws-sdk-go-v2/service/sts v1.16.3/go.mod h1:bfBj0iVmsUyUg4weDB4NxktD9rDGeKSVWnjTnwbx9b8=
github.com/aws/smithy-go v1.11.2 h1:eG/N+CcUMAvsdffgMvjMKwfyDzIkjM6pfxMJ8Mzc6mE=
github.com/aws/smithy-go v1.11.2/go.mod h1:3xHYmszWVx2c0kIwQeEVf9uSm4fYZt67FBJnwub1bgM=
github.com/davecgh/go-spew v1.1.0/go.mod h1:J7Y8YcW2NihsgmVo/mv3lAwl/skON4iLHjSsI+c5H38=
github.com/davecgh/go-spew v1.1.1 h1:vj9j/u1bqnvCEfJOwUhtlOARqs3+rkHYY13jYWTU97c=
github.com/davecgh/go-spew v1.1.1/go.mod h1:J7Y8YcW2NihsgmVo/mv3lAwl/skON4iLHjSsI+c5H38=
github.com/friendsofgo/errors v0.9.2 h1:X6NYxef4efCBdwI7BgS820zFaN7Cphrmb+Pljdzjtgk=
github.com/friendsofgo/errors v0.9.2/go.mod h1:yCvFW5AkDIL9qn7suHVLiI/gH228n7PC4Pn44IGoTOI=
github.com/go-http-utils/headers v0.0.0-20181008091004-fed159eddc2a h1:v6zMvHuY9yue4+QkG/HQ/W67wvtQmWJ4SDo9aK/GIno=
github.com/go-http-utils/headers v0.0.0-20181008091004-fed159eddc2a/go.mod h1:I79BieaU4fxrw4LMXby6q5OS9XnoR9UIKLOzDFjUmuw=
github.com/gofrs/uuid v3.2.0+incompatible/go.mod h1:b2aQJv3Z4Fp6yNu3cdSllBxTCLRxnplIgP/c0N/04lM=
github.com/gofrs/uuid v4.2.0+incompatible h1:yyYWMnhkhrKwwr8gAOcOCYxOOscHgDS9yZgBrnJfGa0=
github.com/gofrs/uuid v4.2.0+incompatible/go.mod h1:b2aQJv3Z4Fp6yNu3cdSllBxTCLRxnplIgP/c0N/04lM=
github.com/google/go-cmp v0.5.7 h1:81/ik6ipDQS2aGcBfIN5dHDB36BwrStyeAQquSYCV4o=
github.com/google/go-cmp v0.5.7/go.mod h1:n+brtR0CgQNWTVd5ZUFpTBC8YFBDLK/h/bpaJ8/DtOE=
github.com/ianlopshire/go-ssm-config v1.0.2 h1:pVhfiFUCzd5H7JdZ6X6DKWzzu2j/zJ4s3sFSsazNrcI=
github.com/ianlopshire/go-ssm-config v1.0.2/go.mod h1:2yFmEOVQHFInEfafVGbpWIsija1zT2Kx4tOlqIr68c4=
github.com/jmespath/go-jmespath v0.0.0-20180206201540-c2b33e8439af/go.mod h1:Nht3zPeWKUH0NzdCt2Blrr5ys8VGpn0CEB0cQHVjt7k=
github.com/jmespath/go-jmespath v0.4.0 h1:BEgLn5cpjn8UN1mAw4NjwDrS35OdebyEtFe+9YPoQUg=
github.com/jmespath/go-jmespath v0.4.0/go.mod h1:T8mJZnbsbmF+m6zOOFylbeCJqk5+pHWvzYPziyZiYoo=
github.com/jmespath/go-jmespath/internal/testify v1.5.1 h1:shLQSRRSCCPj3f2gpwzGwWFoC7ycTf1rcQZHOlsJ6N8=
github.com/jmespath/go-jmespath/internal/testify v1.5.1/go.mod h1:L3OGu8Wl2/fWfCI6z80xFu9LTZmf1ZRjMHUOPmWr69U=
github.com/joho/godotenv v1.4.0 h1:3l4+N6zfMWnkbPEXKng2o2/MR5mSwTrBih4ZEkkz1lg=
github.com/joho/godotenv v1.4.0/go.mod h1:f4LDr5Voq0i2e/R5DDNOoa2zzDfwtkZa6DnEwAbqwq4=
github.com/kelseyhightower/envconfig v1.4.0 h1:Im6hONhd3pLkfDFsbRgu68RDNkGF1r3dvMUtDTo2cv8=
github.com/kelseyhightower/envconfig v1.4.0/go.mod h1:cccZRl6mQpaq41TPp5QxidR+Sa3axMbJDNb//FQX6Gg=
github.com/onetwentyseven-dev/go-ssm-config v1.1.3 h1:qJ08CYWPqx10u99JEcLzcHWTO9lBwLg75W3JAOMhNig=
github.com/onetwentyseven-dev/go-ssm-config v1.1.3/go.mod h1:q0MctbP5a/gEGdQzzh7JAQrlDM1sZjukaPDlNvQ3WkQ=
github.com/pkg/errors v0.8.1/go.mod h1:bwawxfHBFNV+L2hUp1rHADufV3IMtnDRdf1r5NINEl0=
github.com/pkg/errors v0.9.1 h1:FEBLx1zS214owpjy7qsBeixbURkuhQAwrK5UwLGTwt4=
github.com/pkg/errors v0.9.1/go.mod h1:bwawxfHBFNV+L2hUp1rHADufV3IMtnDRdf1r5NINEl0=
github.com/pmezard/go-difflib v1.0.0 h1:4DBwDE0NGyQoBHbLQYPwSUPoCMWR5BEzIk/f1lZbAQM=
github.com/pmezard/go-difflib v1.0.0/go.mod h1:iKH77koFhYxTK1pcRnkKkqfTogsbg7gZNVY4sRDYZ/4=
github.com/sirupsen/logrus v1.8.1 h1:dJKuHgqk1NNQlqoA6BTlM1Wf9DOH3NBjQyu0h9+AZZE=
github.com/sirupsen/logrus v1.8.1/go.mod h1:yWOB1SBYBC5VeMP7gHvWumXLIWorT60ONWic61uBYv0=
github.com/stretchr/objx v0.1.0/go.mod h1:HFkY916IF+rwdDfMAkV7OtwuqBVzrE8GR6GFx+wExME=
github.com/stretchr/testify v1.2.2/go.mod h1:a8OnRcib4nhh0OaRAV+Yts87kKdq0PP7pXfy6kDkUVs=
github.com/stretchr/testify v1.4.0/go.mod h1:j7eGeouHqKxXV5pUuKE4zz7dFj8WfuZ+81PSLYec5m4=
github.com/stretchr/testify v1.6.1 h1:hDPOHmpOpP40lSULcqw7IrRb/u7w6RpDC9399XyoNd0=
github.com/ulule/deepcopier v0.0.0-20200430083143-45decc6639b6 h1:TtyC78WMafNW8QFfv3TeP3yWNDG+uxNkk9vOrnDu6JA=
github.com/ulule/deepcopier v0.0.0-20200430083143-45decc6639b6/go.mod h1:h8272+G2omSmi30fBXiZDMkmHuOgonplfKIKjQWzlfs=
github.com/volatiletech/inflect v0.0.1 h1:2a6FcMQyhmPZcLa+uet3VJ8gLn/9svWhJxJYwvE8KsU=
github.com/volatiletech/inflect v0.0.1/go.mod h1:IBti31tG6phkHitLlr5j7shC5SOo//x0AjDzaJU1PLA=
github.com/volatiletech/null/v8 v8.1.2 h1:kiTiX1PpwvuugKwfvUNX/SU/5A2KGZMXfGD0DUHdKEI=
github.com/volatiletech/null/v8 v8.1.2/go.mod h1:98DbwNoKEpRrYtGjWFctievIfm4n4MxG0A6EBUcoS5g=
github.com/volatiletech/randomize v0.0.1 h1:eE5yajattWqTB2/eN8df4dw+8jwAzBtbdo5sbWC4nMk=
github.com/volatiletech/randomize v0.0.1/go.mod h1:GN3U0QYqfZ9FOJ67bzax1cqZ5q2xuj2mXrXBjWaRTlY=
github.com/volatiletech/strmangle v0.0.1 h1:UKQoHmY6be/R3tSvD2nQYrH41k43OJkidwEiC74KIzk=
github.com/volatiletech/strmangle v0.0.1/go.mod h1:F6RA6IkB5vq0yTG4GQ0UsbbRcl3ni9P76i+JrTBKFFg=
golang.org/x/crypto v0.0.0-20190308221718-c2843e01d9a2/go.mod h1:djNgcEr1/C05ACkg1iLfiJU5Ep61QUkGW8qpdssI0+w=
golang.org/x/net v0.0.0-20191126235420-ef20fe5d7933/go.mod h1:z5CRVTTTmAJ677TzLLGU+0bjPO0LkuOLi4/5GtJWs/s=
golang.org/x/sys v0.0.0-20190215142949-d0b11bdaac8a/go.mod h1:STP8DvDyc/dI5b8T5hshtkjS+E42TnysNCUPdjciGhY=
golang.org/x/sys v0.0.0-20191026070338-33540a1f6037 h1:YyJpGZS1sBuBCzLAR1VEpK193GlqGZbnPFnPV/5Rsb4=
golang.org/x/sys v0.0.0-20191026070338-33540a1f6037/go.mod h1:h1NjWce9XRLGQEsW7wpKNCjG9DtNlClVuFLEZdDNbEs=
golang.org/x/sys v0.0.0-20220422013727-9388b58f7150 h1:xHms4gcpe1YE7A3yIllJXP16CMAGuqwO2lX1mTyyRRc=
golang.org/x/sys v0.0.0-20220422013727-9388b58f7150/go.mod h1:oPkhp1MJrh7nUepCBck5+mAzfO9JrbApNNgaTdGDITg=
golang.org/x/text v0.3.0/go.mod h1:NqM8EUOU14njkJ3fqMW+pc6Ldnwhi/IjpwHt7yyuwOQ=
golang.org/x/xerrors v0.0.0-20190717185122-a985d3407aa7/go.mod h1:I/5z698sn9Ka8TeJc9MKroUUfqBBauWjQqLJ2OPfmY0=
golang.org/x/xerrors v0.0.0-20191204190536-9bdfabe68543 h1:E7g+9GITq07hpfrRu66IVDexMakfv52eLZ2CXBWiKr4=
golang.org/x/xerrors v0.0.0-20191204190536-9bdfabe68543/go.mod h1:I/5z698sn9Ka8TeJc9MKroUUfqBBauWjQqLJ2OPfmY0=
gopkg.in/check.v1 v0.0.0-20161208181325-20d25e280405/go.mod h1:Co6ibVJAznAaIkqp8huTwlJQCZ016jof/cbN4VW5Yz0=
gopkg.in/yaml.v2 v2.2.2/go.mod h1:hI93XBmqTisBFMUTm0b8Fm+jr3Dg1NNxqwp+5A1VGuI=
gopkg.in/yaml.v2 v2.2.8 h1:obN1ZagJSUGI0Ek/LBmuj4SNLPfIny3KsKFopxRdj10=
gopkg.in/yaml.v2 v2.2.8/go.mod h1:hI93XBmqTisBFMUTm0b8Fm+jr3Dg1NNxqwp+5A1VGuI=
gopkg.in/yaml.v3 v3.0.0-20200615113413-eeeca48fe776 h1:tQIYjPdBoyREyB9XMu+nnTclpTYkz2zFM+lzLJFO4gQ=
